<?xml version="1.0" encoding="utf-8"?>
<Project ToolsVersion="4.0" xmlns="http://schemas.microsoft.com/developer/msbuild/2003">
  <ItemGroup>
    <Filter Include="Zdrojové soubory">
      <UniqueIdentifier>{4FC737F1-C7A5-4376-A066-2A32D752A2FF}</UniqueIdentifier>
      <Extensions>cpp;c;cc;cxx;c++;cppm;ixx;def;odl;idl;hpj;bat;asm;asmx</Extensions>
    </Filter>
    <Filter Include="Hlavičkové soubory">
      <UniqueIdentifier>{93995380-89BD-4b04-88EB-625FBE52EBFB}</UniqueIdentifier>
      <Extensions>h;hh;hpp;hxx;h++;hm;inl;inc;ipp;xsd</Extensions>
    </Filter>
    <Filter Include="Soubory zdrojů">
      <UniqueIdentifier>{67DA6AB6-F800-4c08-8B7A-83BB121AAD01}</UniqueIdentifier>
      <Extensions>rc;ico;cur;bmp;dlg;rc2;rct;bin;rgs;gif;jpg;jpeg;jpe;resx;tiff;tif;png;wav;mfcribbon-ms</Extensions>
    </Filter>
    <Filter Include="Zdrojové soubory\imgui">
      <UniqueIdentifier>{d0d0a08b-a9a2-4708-9aee-e2205fe2f3c7}</UniqueIdentifier>
    </Filter>
    <Filter Include="Soubory zdrojů\imgui">
      <UniqueIdentifier>{aafea3da-9127-4dc5-a08b-3f2c2426fa0c}</UniqueIdentifier>
    </Filter>
  </ItemGroup>
  <ItemGroup>
    <ClCompile Include="main.cpp">
      <Filter>Zdrojové soubory</Filter>
    </ClCompile>
    <ClCompile Include="libs\glad\src\glad.c">
      <Filter>Zdrojové soubory</Filter>
    </ClCompile>
    <ClCompile Include="FreeLookCamera.cpp">
      <Filter>Zdrojové soubory</Filter>
    </ClCompile>
    <ClCompile Include="OrbitCamera.cpp">
      <Filter>Zdrojové soubory</Filter>
    </ClCompile>
    <ClCompile Include="libs\imgui\imgui_widgets.cpp">
      <Filter>Zdrojové soubory\imgui</Filter>
    </ClCompile>
    <ClCompile Include="libs\imgui\imgui.cpp">
      <Filter>Zdrojové soubory\imgui</Filter>
    </ClCompile>
    <ClCompile Include="libs\imgui\imgui_demo.cpp">
      <Filter>Zdrojové soubory\imgui</Filter>
    </ClCompile>
    <ClCompile Include="libs\imgui\imgui_draw.cpp">
      <Filter>Zdrojové soubory\imgui</Filter>
    </ClCompile>
    <ClCompile Include="libs\imgui\imgui_impl_opengl3.cpp">
      <Filter>Zdrojové soubory\imgui</Filter>
    </ClCompile>
    <ClCompile Include="libs\imgui\imgui_impl_sdl2.cpp">
      <Filter>Zdrojové soubory\imgui</Filter>
    </ClCompile>
    <ClCompile Include="libs\imgui\imgui_tables.cpp">
      <Filter>Zdrojové soubory\imgui</Filter>
    </ClCompile>
  </ItemGroup>
  <ItemGroup>
    <None Include="shaders\fragmentShader.glsl">
      <Filter>Zdrojové soubory</Filter>
    </None>
    <None Include="shaders\vertexShader.glsl">
      <Filter>Zdrojové soubory</Filter>
    </None>
  </ItemGroup>
  <ItemGroup>
    <ClInclude Include="Camera.h">
      <Filter>Zdrojové soubory</Filter>
    </ClInclude>
    <ClInclude Include="FreeLookCamera.h">
      <Filter>Zdrojové soubory</Filter>
    </ClInclude>
    <ClInclude Include="OrbitCamera.h">
      <Filter>Zdrojové soubory</Filter>
    </ClInclude>
    <ClInclude Include="mesh.h">
      <Filter>Zdrojové soubory</Filter>
    </ClInclude>
    <ClInclude Include="model.h">
      <Filter>Zdrojové soubory</Filter>
    </ClInclude>
    <ClInclude Include="libs\imgui\imgui.h">
      <Filter>Soubory zdrojů\imgui</Filter>
    </ClInclude>
    <ClInclude Include="libs\imgui\imgui_impl_opengl3.h">
      <Filter>Soubory zdrojů\imgui</Filter>
    </ClInclude>
    <ClInclude Include="libs\imgui\imgui_impl_opengl3_loader.h">
      <Filter>Soubory zdrojů\imgui</Filter>
    </ClInclude>
    <ClInclude Include="libs\imgui\imgui_impl_sdl2.h">
      <Filter>Soubory zdrojů\imgui</Filter>
    </ClInclude>
    <ClInclude Include="libs\imgui\imgui_internal.h">
      <Filter>Soubory zdrojů\imgui</Filter>
    </ClInclude>
    <ClInclude Include="libs\imgui\imstb_rectpack.h">
      <Filter>Soubory zdrojů\imgui</Filter>
    </ClInclude>
    <ClInclude Include="libs\imgui\imstb_textedit.h">
      <Filter>Soubory zdrojů\imgui</Filter>
    </ClInclude>
    <ClInclude Include="libs\imgui\imstb_truetype.h">
      <Filter>Soubory zdrojů\imgui</Filter>
    </ClInclude>
    <ClInclude Include="libs\imgui\imconfig.h">
      <Filter>Soubory zdrojů\imgui</Filter>
    </ClInclude>
  </ItemGroup>
</Project>